
Microsoft Visual Studio Solution File, Format Version 12.00
# Visual Studio Version 16
VisualStudioVersion = 16.0.31105.61
MinimumVisualStudioVersion = 10.0.40219.1
Project("{9A19103F-16F7-4668-BE54-9A1E7A4F7556}") = "RedisConsoleApp", "RedisConsoleApp\RedisConsoleApp.csproj", "{B939F1F4-A3F0-4E2D-AD79-0294AE2BDE79}"
EndProject
Project("{FAE04EC0-301F-11D3-BF4B-00C04F79EFBC}") = "RabbitMQConsoleApp", "RabbitMQConsoleApp\RabbitMQConsoleApp.csproj", "{D772FCD4-86B3-44F2-B946-0295E3CC17C2}"
EndProject
Global
	GlobalSection(SolutionConfigurationPlatforms) = preSolution
		Debug|Any CPU = Debug|Any CPU
		Release|Any CPU = Release|Any CPU
	EndGlobalSection
	GlobalSection(ProjectConfigurationPlatforms) = postSolution
		{B939F1F4-A3F0-4E2D-AD79-0294AE2BDE79}.Debug|Any CPU.ActiveCfg = Debug|Any CPU
		{B939F1F4-A3F0-4E2D-AD79-0294AE2BDE79}.Debug|Any CPU.Build.0 = Debug|Any CPU
		{B939F1F4-A3F0-4E2D-AD79-0294AE2BDE79}.Release|Any CPU.ActiveCfg = Release|Any CPU
		{B939F1F4-A3F0-4E2D-AD79-0294AE2BDE79}.Release|Any CPU.Build.0 = Release|Any CPU
		{D772FCD4-86B3-44F2-B946-0295E3CC17C2}.Debug|Any CPU.ActiveCfg = Debug|Any CPU
		{D772FCD4-86B3-44F2-B946-0295E3CC17C2}.Debug|Any CPU.Build.0 = Debug|Any CPU
		{D772FCD4-86B3-44F2-B946-0295E3CC17C2}.Release|Any CPU.ActiveCfg = Release|Any CPU
		{D772FCD4-86B3-44F2-B946-0295E3CC17C2}.Release|Any CPU.Build.0 = Release|Any CPU
	EndGlobalSection
	GlobalSection(SolutionProperties) = preSolution
		HideSolutionNode = FALSE
	EndGlobalSection
	GlobalSection(ExtensibilityGlobals) = postSolution
		SolutionGuid = {9C7F7AAA-4DA2-4491-8462-B3577183AB95}
	EndGlobalSection
EndGlobal
